
Microsoft Visual Studio Solution File, Format Version 12.00
# Visual Studio Version 16
VisualStudioVersion = 16.0.30804.86
MinimumVisualStudioVersion = 10.0.40219.1
Project("{9A19103F-16F7-4668-BE54-9A1E7A4F7556}") = "IS413 Assignment 5", "IS413 Assignment 5.csproj", "{DEF46E5F-7F48-4B66-958D-179FBBD18413}"
EndProject
Global
	GlobalSection(SolutionConfigurationPlatforms) = preSolution
		Debug|Any CPU = Debug|Any CPU
		Release|Any CPU = Release|Any CPU
	EndGlobalSection
	GlobalSection(ProjectConfigurationPlatforms) = postSolution
		{DEF46E5F-7F48-4B66-958D-179FBBD18413}.Debug|Any CPU.ActiveCfg = Debug|Any CPU
		{DEF46E5F-7F48-4B66-958D-179FBBD18413}.Debug|Any CPU.Build.0 = Debug|Any CPU
		{DEF46E5F-7F48-4B66-958D-179FBBD18413}.Release|Any CPU.ActiveCfg = Release|Any CPU
		{DEF46E5F-7F48-4B66-958D-179FBBD18413}.Release|Any CPU.Build.0 = Release|Any CPU
	EndGlobalSection
	GlobalSection(SolutionProperties) = preSolution
		HideSolutionNode = FALSE
	EndGlobalSection
	GlobalSection(ExtensibilityGlobals) = postSolution
		SolutionGuid = {8E61C06C-B125-413F-9875-222017609597}
	EndGlobalSection
EndGlobal
